
Microsoft Visual Studio Solution File, Format Version 12.00
# Visual Studio Version 16
VisualStudioVersion = 16.0.31727.386
MinimumVisualStudioVersion = 10.0.40219.1
Project("{FAE04EC0-301F-11D3-BF4B-00C04F79EFBC}") = "ConsoleApp10", "ConsoleApp10\ConsoleApp10.csproj", "{1E148F59-464F-4A62-8997-1F59F4A5803C}"
EndProject
Global
	GlobalSection(SolutionConfigurationPlatforms) = preSolution
		Debug|Any CPU = Debug|Any CPU
		Release|Any CPU = Release|Any CPU
	EndGlobalSection
	GlobalSection(ProjectConfigurationPlatforms) = postSolution
		{1E148F59-464F-4A62-8997-1F59F4A5803C}.Debug|Any CPU.ActiveCfg = Debug|Any CPU
		{1E148F59-464F-4A62-8997-1F59F4A5803C}.Debug|Any CPU.Build.0 = Debug|Any CPU
		{1E148F59-464F-4A62-8997-1F59F4A5803C}.Release|Any CPU.ActiveCfg = Release|Any CPU
		{1E148F59-464F-4A62-8997-1F59F4A5803C}.Release|Any CPU.Build.0 = Release|Any CPU
	EndGlobalSection
	GlobalSection(SolutionProperties) = preSolution
		HideSolutionNode = FALSE
	EndGlobalSection
	GlobalSection(ExtensibilityGlobals) = postSolution
		SolutionGuid = {C351A024-3FC6-448C-A31C-037F6E25F836}
	EndGlobalSection
EndGlobal
